
Microsoft Visual Studio Solution File, Format Version 12.00
# Visual Studio Version 17
VisualStudioVersion = 17.2.32505.173
MinimumVisualStudioVersion = 10.0.40219.1
Project("{FAE04EC0-301F-11D3-BF4B-00C04F79EFBC}") = "WindowsFormsApp1", "WindowsFormsApp1\WindowsFormsApp1.csproj", "{4178B47E-BB59-49B5-8B08-9D44348982AD}"
EndProject
Project("{FAE04EC0-301F-11D3-BF4B-00C04F79EFBC}") = "WinFormsApp1Net6", "WinFormsApp1Net6\WinFormsApp1Net6.csproj", "{EBE748E2-578F-4C26-A524-B8D6571D16EE}"
EndProject
Project("{FAE04EC0-301F-11D3-BF4B-00C04F79EFBC}") = "ConsoleApp1", "ConsoleApp1\ConsoleApp1.csproj", "{8636524A-F7F1-4A0A-A8BE-A6978D139082}"
EndProject
Project("{FAE04EC0-301F-11D3-BF4B-00C04F79EFBC}") = "WpfApp1", "WpfApp1\WpfApp1.csproj", "{4B1AFF73-5BB6-4842-AB47-F478135886C8}"
EndProject
Project("{FAE04EC0-301F-11D3-BF4B-00C04F79EFBC}") = "WpfApp1Net6", "WpfApp1Net6\WpfApp1Net6.csproj", "{4224B259-14E0-4803-BEB8-587BC40B5066}"
EndProject
Project("{FAE04EC0-301F-11D3-BF4B-00C04F79EFBC}") = "ConsoleApp1Net6", "ConsoleApp1Net6\ConsoleApp1Net6.csproj", "{96B25A38-8430-4479-97BD-C64301390FDB}"
EndProject
Project("{FAE04EC0-301F-11D3-BF4B-00C04F79EFBC}") = "ClassLibrary1", "ClassLibrary1\ClassLibrary1.csproj", "{135D87E0-8E54-403E-B8E3-C7DB6BFA4E95}"
EndProject
Project("{FAE04EC0-301F-11D3-BF4B-00C04F79EFBC}") = "ClassLibrary1Net6", "ClassLibrary1Net6\ClassLibrary1Net6.csproj", "{F43FB413-DC55-4175-978E-5AD2BCE0D0F7}"
EndProject
Project("{8BC9CEB8-8B4A-11D0-8D11-00A0C91BC942}") = "VCEmptyProject1", "VCEmptyProject1\VCEmptyProject1.vcxproj", "{B34DC9D1-A808-4512-B7D6-8254CE91E363}"
EndProject
Project("{8BC9CEB8-8B4A-11D0-8D11-00A0C91BC942}") = "CppConsoleApplication1", "CppConsoleApplication1\CppConsoleApplication1.vcxproj", "{C2C8C1AA-6A68-496B-A6D8-A38AFF476A4C}"
EndProject
Project("{8BC9CEB8-8B4A-11D0-8D11-00A0C91BC942}") = "CppDll1", "CppDll1\CppDll1.vcxproj", "{4468C7C0-5B9F-44A7-92F9-CAD047A2360C}"
EndProject
Project("{8BC9CEB8-8B4A-11D0-8D11-00A0C91BC942}") = "CppStaticLib1", "CppStaticLib1\CppStaticLib1.vcxproj", "{029E3660-37E1-4F48-AA42-6501495AD13F}"
EndProject
Global
	GlobalSection(SolutionConfigurationPlatforms) = preSolution
		Debug|Any CPU = Debug|Any CPU
		Debug|x64 = Debug|x64
		Debug|x86 = Debug|x86
		Release|Any CPU = Release|Any CPU
		Release|x64 = Release|x64
		Release|x86 = Release|x86
	EndGlobalSection
	GlobalSection(ProjectConfigurationPlatforms) = postSolution
		{4178B47E-BB59-49B5-8B08-9D44348982AD}.Debug|Any CPU.ActiveCfg = Debug|Any CPU
		{4178B47E-BB59-49B5-8B08-9D44348982AD}.Debug|Any CPU.Build.0 = Debug|Any CPU
		{4178B47E-BB59-49B5-8B08-9D44348982AD}.Debug|x64.ActiveCfg = Debug|Any CPU
		{4178B47E-BB59-49B5-8B08-9D44348982AD}.Debug|x64.Build.0 = Debug|Any CPU
		{4178B47E-BB59-49B5-8B08-9D44348982AD}.Debug|x86.ActiveCfg = Debug|Any CPU
		{4178B47E-BB59-49B5-8B08-9D44348982AD}.Debug|x86.Build.0 = Debug|Any CPU
		{4178B47E-BB59-49B5-8B08-9D44348982AD}.Release|Any CPU.ActiveCfg = Release|Any CPU
		{4178B47E-BB59-49B5-8B08-9D44348982AD}.Release|Any CPU.Build.0 = Release|Any CPU
		{4178B47E-BB59-49B5-8B08-9D44348982AD}.Release|x64.ActiveCfg = Release|Any CPU
		{4178B47E-BB59-49B5-8B08-9D44348982AD}.Release|x64.Build.0 = Release|Any CPU
		{4178B47E-BB59-49B5-8B08-9D44348982AD}.Release|x86.ActiveCfg = Release|Any CPU
		{4178B47E-BB59-49B5-8B08-9D44348982AD}.Release|x86.Build.0 = Release|Any CPU
		{EBE748E2-578F-4C26-A524-B8D6571D16EE}.Debug|Any CPU.ActiveCfg = Debug|Any CPU
		{EBE748E2-578F-4C26-A524-B8D6571D16EE}.Debug|Any CPU.Build.0 = Debug|Any CPU
		{EBE748E2-578F-4C26-A524-B8D6571D16EE}.Debug|x64.ActiveCfg = Debug|Any CPU
		{EBE748E2-578F-4C26-A524-B8D6571D16EE}.Debug|x64.Build.0 = Debug|Any CPU
		{EBE748E2-578F-4C26-A524-B8D6571D16EE}.Debug|x86.ActiveCfg = Debug|Any CPU
		{EBE748E2-578F-4C26-A524-B8D6571D16EE}.Debug|x86.Build.0 = Debug|Any CPU
		{EBE748E2-578F-4C26-A524-B8D6571D16EE}.Release|Any CPU.ActiveCfg = Release|Any CPU
		{EBE748E2-578F-4C26-A524-B8D6571D16EE}.Release|Any CPU.Build.0 = Release|Any CPU
		{EBE748E2-578F-4C26-A524-B8D6571D16EE}.Release|x64.ActiveCfg = Release|Any CPU
		{EBE748E2-578F-4C26-A524-B8D6571D16EE}.Release|x64.Build.0 = Release|Any CPU
		{EBE748E2-578F-4C26-A524-B8D6571D16EE}.Release|x86.ActiveCfg = Release|Any CPU
		{EBE748E2-578F-4C26-A524-B8D6571D16EE}.Release|x86.Build.0 = Release|Any CPU
		{8636524A-F7F1-4A0A-A8BE-A6978D139082}.Debug|Any CPU.ActiveCfg = Debug|Any CPU
		{8636524A-F7F1-4A0A-A8BE-A6978D139082}.Debug|Any CPU.Build.0 = Debug|Any CPU
		{8636524A-F7F1-4A0A-A8BE-A6978D139082}.Debug|x64.ActiveCfg = Debug|Any CPU
		{8636524A-F7F1-4A0A-A8BE-A6978D139082}.Debug|x64.Build.0 = Debug|Any CPU
		{8636524A-F7F1-4A0A-A8BE-A6978D139082}.Debug|x86.ActiveCfg = Debug|Any CPU
		{8636524A-F7F1-4A0A-A8BE-A6978D139082}.Debug|x86.Build.0 = Debug|Any CPU
		{8636524A-F7F1-4A0A-A8BE-A6978D139082}.Release|Any CPU.ActiveCfg = Release|Any CPU
		{8636524A-F7F1-4A0A-A8BE-A6978D139082}.Release|Any CPU.Build.0 = Release|Any CPU
		{8636524A-F7F1-4A0A-A8BE-A6978D139082}.Release|x64.ActiveCfg = Release|Any CPU
		{8636524A-F7F1-4A0A-A8BE-A6978D139082}.Release|x64.Build.0 = Release|Any CPU
		{8636524A-F7F1-4A0A-A8BE-A6978D139082}.Release|x86.ActiveCfg = Release|Any CPU
		{8636524A-F7F1-4A0A-A8BE-A6978D139082}.Release|x86.Build.0 = Release|Any CPU
		{4B1AFF73-5BB6-4842-AB47-F478135886C8}.Debug|Any CPU.ActiveCfg = Debug|Any CPU
		{4B1AFF73-5BB6-4842-AB47-F478135886C8}.Debug|Any CPU.Build.0 = Debug|Any CPU
		{4B1AFF73-5BB6-4842-AB47-F478135886C8}.Debug|x64.ActiveCfg = Debug|Any CPU
		{4B1AFF73-5BB6-4842-AB47-F478135886C8}.Debug|x64.Build.0 = Debug|Any CPU
		{4B1AFF73-5BB6-4842-AB47-F478135886C8}.Debug|x86.ActiveCfg = Debug|Any CPU
		{4B1AFF73-5BB6-4842-AB47-F478135886C8}.Debug|x86.Build.0 = Debug|Any CPU
		{4B1AFF73-5BB6-4842-AB47-F478135886C8}.Release|Any CPU.ActiveCfg = Release|Any CPU
		{4B1AFF73-5BB6-4842-AB47-F478135886C8}.Release|Any CPU.Build.0 = Release|Any CPU
		{4B1AFF73-5BB6-4842-AB47-F478135886C8}.Release|x64.ActiveCfg = Release|Any CPU
		{4B1AFF73-5BB6-4842-AB47-F478135886C8}.Release|x64.Build.0 = Release|Any CPU
		{4B1AFF73-5BB6-4842-AB47-F478135886C8}.Release|x86.ActiveCfg = Release|Any CPU
		{4B1AFF73-5BB6-4842-AB47-F478135886C8}.Release|x86.Build.0 = Release|Any CPU
		{4224B259-14E0-4803-BEB8-587BC40B5066}.Debug|Any CPU.ActiveCfg = Debug|Any CPU
		{4224B259-14E0-4803-BEB8-587BC40B5066}.Debug|Any CPU.Build.0 = Debug|Any CPU
		{4224B259-14E0-4803-BEB8-587BC40B5066}.Debug|x64.ActiveCfg = Debug|Any CPU
		{4224B259-14E0-4803-BEB8-587BC40B5066}.Debug|x64.Build.0 = Debug|Any CPU
		{4224B259-14E0-4803-BEB8-587BC40B5066}.Debug|x86.ActiveCfg = Debug|Any CPU
		{4224B259-14E0-4803-BEB8-587BC40B5066}.Debug|x86.Build.0 = Debug|Any CPU
		{4224B259-14E0-4803-BEB8-587BC40B5066}.Release|Any CPU.ActiveCfg = Release|Any CPU
		{4224B259-14E0-4803-BEB8-587BC40B5066}.Release|Any CPU.Build.0 = Release|Any CPU
		{4224B259-14E0-4803-BEB8-587BC40B5066}.Release|x64.ActiveCfg = Release|Any CPU
		{4224B259-14E0-4803-BEB8-587BC40B5066}.Release|x64.Build.0 = Release|Any CPU
		{4224B259-14E0-4803-BEB8-587BC40B5066}.Release|x86.ActiveCfg = Release|Any CPU
		{4224B259-14E0-4803-BEB8-587BC40B5066}.Release|x86.Build.0 = Release|Any CPU
		{96B25A38-8430-4479-97BD-C64301390FDB}.Debug|Any CPU.ActiveCfg = Debug|Any CPU
		{96B25A38-8430-4479-97BD-C64301390FDB}.Debug|Any CPU.Build.0 = Debug|Any CPU
		{96B25A38-8430-4479-97BD-C64301390FDB}.Debug|x64.ActiveCfg = Debug|Any CPU
		{96B25A38-8430-4479-97BD-C64301390FDB}.Debug|x64.Build.0 = Debug|Any CPU
		{96B25A38-8430-4479-97BD-C64301390FDB}.Debug|x86.ActiveCfg = Debug|Any CPU
		{96B25A38-8430-4479-97BD-C64301390FDB}.Debug|x86.Build.0 = Debug|Any CPU
		{96B25A38-8430-4479-97BD-C64301390FDB}.Release|Any CPU.ActiveCfg = Release|Any CPU
		{96B25A38-8430-4479-97BD-C64301390FDB}.Release|Any CPU.Build.0 = Release|Any CPU
		{96B25A38-8430-4479-97BD-C64301390FDB}.Release|x64.ActiveCfg = Release|Any CPU
		{96B25A38-8430-4479-97BD-C64301390FDB}.Release|x64.Build.0 = Release|Any CPU
		{96B25A38-8430-4479-97BD-C64301390FDB}.Release|x86.ActiveCfg = Release|Any CPU
		{96B25A38-8430-4479-97BD-C64301390FDB}.Release|x86.Build.0 = Release|Any CPU
		{135D87E0-8E54-403E-B8E3-C7DB6BFA4E95}.Debug|Any CPU.ActiveCfg = Debug|Any CPU
		{135D87E0-8E54-403E-B8E3-C7DB6BFA4E95}.Debug|Any CPU.Build.0 = Debug|Any CPU
		{135D87E0-8E54-403E-B8E3-C7DB6BFA4E95}.Debug|x64.ActiveCfg = Debug|Any CPU
		{135D87E0-8E54-403E-B8E3-C7DB6BFA4E95}.Debug|x64.Build.0 = Debug|Any CPU
		{135D87E0-8E54-403E-B8E3-C7DB6BFA4E95}.Debug|x86.ActiveCfg = Debug|Any CPU
		{135D87E0-8E54-403E-B8E3-C7DB6BFA4E95}.Debug|x86.Build.0 = Debug|Any CPU
		{135D87E0-8E54-403E-B8E3-C7DB6BFA4E95}.Release|Any CPU.ActiveCfg = Release|Any CPU
		{135D87E0-8E54-403E-B8E3-C7DB6BFA4E95}.Release|Any CPU.Build.0 = Release|Any CPU
		{135D87E0-8E54-403E-B8E3-C7DB6BFA4E95}.Release|x64.ActiveCfg = Release|Any CPU
		{135D87E0-8E54-403E-B8E3-C7DB6BFA4E95}.Release|x64.Build.0 = Release|Any CPU
		{135D87E0-8E54-403E-B8E3-C7DB6BFA4E95}.Release|x86.ActiveCfg = Release|Any CPU
		{135D87E0-8E54-403E-B8E3-C7DB6BFA4E95}.Release|x86.Build.0 = Release|Any CPU
		{F43FB413-DC55-4175-978E-5AD2BCE0D0F7}.Debug|Any CPU.ActiveCfg = Debug|Any CPU
		{F43FB413-DC55-4175-978E-5AD2BCE0D0F7}.Debug|Any CPU.Build.0 = Debug|Any CPU
		{F43FB413-DC55-4175-978E-5AD2BCE0D0F7}.Debug|x64.ActiveCfg = Debug|Any CPU
		{F43FB413-DC55-4175-978E-5AD2BCE0D0F7}.Debug|x64.Build.0 = Debug|Any CPU
		{F43FB413-DC55-4175-978E-5AD2BCE0D0F7}.Debug|x86.ActiveCfg = Debug|Any CPU
		{F43FB413-DC55-4175-978E-5AD2BCE0D0F7}.Debug|x86.Build.0 = Debug|Any CPU
		{F43FB413-DC55-4175-978E-5AD2BCE0D0F7}.Release|Any CPU.ActiveCfg = Release|Any CPU
		{F43FB413-DC55-4175-978E-5AD2BCE0D0F7}.Release|Any CPU.Build.0 = Release|Any CPU
		{F43FB413-DC55-4175-978E-5AD2BCE0D0F7}.Release|x64.ActiveCfg = Release|Any CPU
		{F43FB413-DC55-4175-978E-5AD2BCE0D0F7}.Release|x64.Build.0 = Release|Any CPU
		{F43FB413-DC55-4175-978E-5AD2BCE0D0F7}.Release|x86.ActiveCfg = Release|Any CPU
		{F43FB413-DC55-4175-978E-5AD2BCE0D0F7}.Release|x86.Build.0 = Release|Any CPU
		{B34DC9D1-A808-4512-B7D6-8254CE91E363}.Debug|Any CPU.ActiveCfg = Debug|x64
		{B34DC9D1-A808-4512-B7D6-8254CE91E363}.Debug|Any CPU.Build.0 = Debug|x64
		{B34DC9D1-A808-4512-B7D6-8254CE91E363}.Debug|x64.ActiveCfg = Debug|x64
		{B34DC9D1-A808-4512-B7D6-8254CE91E363}.Debug|x64.Build.0 = Debug|x64
		{B34DC9D1-A808-4512-B7D6-8254CE91E363}.Debug|x86.ActiveCfg = Debug|Win32
		{B34DC9D1-A808-4512-B7D6-8254CE91E363}.Debug|x86.Build.0 = Debug|Win32
		{B34DC9D1-A808-4512-B7D6-8254CE91E363}.Release|Any CPU.ActiveCfg = Release|x64
		{B34DC9D1-A808-4512-B7D6-8254CE91E363}.Release|Any CPU.Build.0 = Release|x64
		{B34DC9D1-A808-4512-B7D6-8254CE91E363}.Release|x64.ActiveCfg = Release|x64
		{B34DC9D1-A808-4512-B7D6-8254CE91E363}.Release|x64.Build.0 = Release|x64
		{B34DC9D1-A808-4512-B7D6-8254CE91E363}.Release|x86.ActiveCfg = Release|Win32
		{B34DC9D1-A808-4512-B7D6-8254CE91E363}.Release|x86.Build.0 = Release|Win32
		{C2C8C1AA-6A68-496B-A6D8-A38AFF476A4C}.Debug|Any CPU.ActiveCfg = Debug|x64
		{C2C8C1AA-6A68-496B-A6D8-A38AFF476A4C}.Debug|Any CPU.Build.0 = Debug|x64
		{C2C8C1AA-6A68-496B-A6D8-A38AFF476A4C}.Debug|x64.ActiveCfg = Debug|x64
		{C2C8C1AA-6A68-496B-A6D8-A38AFF476A4C}.Debug|x64.Build.0 = Debug|x64
		{C2C8C1AA-6A68-496B-A6D8-A38AFF476A4C}.Debug|x86.ActiveCfg = Debug|Win32
		{C2C8C1AA-6A68-496B-A6D8-A38AFF476A4C}.Debug|x86.Build.0 = Debug|Win32
		{C2C8C1AA-6A68-496B-A6D8-A38AFF476A4C}.Release|Any CPU.ActiveCfg = Release|x64
		{C2C8C1AA-6A68-496B-A6D8-A38AFF476A4C}.Release|Any CPU.Build.0 = Release|x64
		{C2C8C1AA-6A68-496B-A6D8-A38AFF476A4C}.Release|x64.ActiveCfg = Release|x64
		{C2C8C1AA-6A68-496B-A6D8-A38AFF476A4C}.Release|x64.Build.0 = Release|x64
		{C2C8C1AA-6A68-496B-A6D8-A38AFF476A4C}.Release|x86.ActiveCfg = Release|Win32
		{C2C8C1AA-6A68-496B-A6D8-A38AFF476A4C}.Release|x86.Build.0 = Release|Win32
		{4468C7C0-5B9F-44A7-92F9-CAD047A2360C}.Debug|Any CPU.ActiveCfg = Debug|x64
		{4468C7C0-5B9F-44A7-92F9-CAD047A2360C}.Debug|Any CPU.Build.0 = Debug|x64
		{4468C7C0-5B9F-44A7-92F9-CAD047A2360C}.Debug|x64.ActiveCfg = Debug|x64
		{4468C7C0-5B9F-44A7-92F9-CAD047A2360C}.Debug|x64.Build.0 = Debug|x64
		{4468C7C0-5B9F-44A7-92F9-CAD047A2360C}.Debug|x86.ActiveCfg = Debug|Win32
		{4468C7C0-5B9F-44A7-92F9-CAD047A2360C}.Debug|x86.Build.0 = Debug|Win32
		{4468C7C0-5B9F-44A7-92F9-CAD047A2360C}.Release|Any CPU.ActiveCfg = Release|x64
		{4468C7C0-5B9F-44A7-92F9-CAD047A2360C}.Release|Any CPU.Build.0 = Release|x64
		{4468C7C0-5B9F-44A7-92F9-CAD047A2360C}.Release|x64.ActiveCfg = Release|x64
		{4468C7C0-5B9F-44A7-92F9-CAD047A2360C}.Release|x64.Build.0 = Release|x64
		{4468C7C0-5B9F-44A7-92F9-CAD047A2360C}.Release|x86.ActiveCfg = Release|Win32
		{4468C7C0-5B9F-44A7-92F9-CAD047A2360C}.Release|x86.Build.0 = Release|Win32
		{029E3660-37E1-4F48-AA42-6501495AD13F}.Debug|Any CPU.ActiveCfg = Debug|x64
		{029E3660-37E1-4F48-AA42-6501495AD13F}.Debug|Any CPU.Build.0 = Debug|x64
		{029E3660-37E1-4F48-AA42-6501495AD13F}.Debug|x64.ActiveCfg = Debug|x64
		{029E3660-37E1-4F48-AA42-6501495AD13F}.Debug|x64.Build.0 = Debug|x64
		{029E3660-37E1-4F48-AA42-6501495AD13F}.Debug|x86.ActiveCfg = Debug|Win32
		{029E3660-37E1-4F48-AA42-6501495AD13F}.Debug|x86.Build.0 = Debug|Win32
		{029E3660-37E1-4F48-AA42-6501495AD13F}.Release|Any CPU.ActiveCfg = Release|x64
		{029E3660-37E1-4F48-AA42-6501495AD13F}.Release|Any CPU.Build.0 = Release|x64
		{029E3660-37E1-4F48-AA42-6501495AD13F}.Release|x64.ActiveCfg = Release|x64
		{029E3660-37E1-4F48-AA42-6501495AD13F}.Release|x64.Build.0 = Release|x64
		{029E3660-37E1-4F48-AA42-6501495AD13F}.Release|x86.ActiveCfg = Release|Win32
		{029E3660-37E1-4F48-AA42-6501495AD13F}.Release|x86.Build.0 = Release|Win32
	EndGlobalSection
	GlobalSection(SolutionProperties) = preSolution
		HideSolutionNode = FALSE
	EndGlobalSection
	GlobalSection(ExtensibilityGlobals) = postSolution
		SolutionGuid = {F86C2684-51B8-4676-8D59-2D0F9C2C6ECA}
	EndGlobalSection
EndGlobal
